
Microsoft Visual Studio Solution File, Format Version 12.00
# Visual Studio 15
VisualStudioVersion = 15.0.26430.13
MinimumVisualStudioVersion = 10.0.40219.1
Project("{FAE04EC0-301F-11D3-BF4B-00C04F79EFBC}") = "DataK", "DataK\DataK.csproj", "{AD44AE19-DB74-4EE1-9BBC-E8E89C401656}"
EndProject
Project("{FAE04EC0-301F-11D3-BF4B-00C04F79EFBC}") = "Entities2", "Entities2\Entities2.csproj", "{CED2E73A-27E9-4399-A00B-9410E9C1727F}"
EndProject
Project("{FAE04EC0-301F-11D3-BF4B-00C04F79EFBC}") = "Business", "Business\Business.csproj", "{BE7A96A2-4454-4BE4-9059-611B81F65B22}"
EndProject
Project("{FAE04EC0-301F-11D3-BF4B-00C04F79EFBC}") = "UILayer", "UILayer\UILayer.csproj", "{0675408B-7CA7-41CE-BA2B-4A5FD8BD27D4}"
EndProject
Global
	GlobalSection(SolutionConfigurationPlatforms) = preSolution
		Debug|Any CPU = Debug|Any CPU
		Release|Any CPU = Release|Any CPU
	EndGlobalSection
	GlobalSection(ProjectConfigurationPlatforms) = postSolution
		{AD44AE19-DB74-4EE1-9BBC-E8E89C401656}.Debug|Any CPU.ActiveCfg = Debug|Any CPU
		{AD44AE19-DB74-4EE1-9BBC-E8E89C401656}.Debug|Any CPU.Build.0 = Debug|Any CPU
		{AD44AE19-DB74-4EE1-9BBC-E8E89C401656}.Release|Any CPU.ActiveCfg = Release|Any CPU
		{AD44AE19-DB74-4EE1-9BBC-E8E89C401656}.Release|Any CPU.Build.0 = Release|Any CPU
		{CED2E73A-27E9-4399-A00B-9410E9C1727F}.Debug|Any CPU.ActiveCfg = Debug|Any CPU
		{CED2E73A-27E9-4399-A00B-9410E9C1727F}.Debug|Any CPU.Build.0 = Debug|Any CPU
		{CED2E73A-27E9-4399-A00B-9410E9C1727F}.Release|Any CPU.ActiveCfg = Release|Any CPU
		{CED2E73A-27E9-4399-A00B-9410E9C1727F}.Release|Any CPU.Build.0 = Release|Any CPU
		{BE7A96A2-4454-4BE4-9059-611B81F65B22}.Debug|Any CPU.ActiveCfg = Debug|Any CPU
		{BE7A96A2-4454-4BE4-9059-611B81F65B22}.Debug|Any CPU.Build.0 = Debug|Any CPU
		{BE7A96A2-4454-4BE4-9059-611B81F65B22}.Release|Any CPU.ActiveCfg = Release|Any CPU
		{BE7A96A2-4454-4BE4-9059-611B81F65B22}.Release|Any CPU.Build.0 = Release|Any CPU
		{0675408B-7CA7-41CE-BA2B-4A5FD8BD27D4}.Debug|Any CPU.ActiveCfg = Debug|Any CPU
		{0675408B-7CA7-41CE-BA2B-4A5FD8BD27D4}.Debug|Any CPU.Build.0 = Debug|Any CPU
		{0675408B-7CA7-41CE-BA2B-4A5FD8BD27D4}.Release|Any CPU.ActiveCfg = Release|Any CPU
		{0675408B-7CA7-41CE-BA2B-4A5FD8BD27D4}.Release|Any CPU.Build.0 = Release|Any CPU
	EndGlobalSection
	GlobalSection(SolutionProperties) = preSolution
		HideSolutionNode = FALSE
	EndGlobalSection
EndGlobal
